lockfileVersion: '9.0'

settings:
  autoInstallPeers: true
  excludeLinksFromLockfile: false

patchedDependencies:
  pdf-parse@1.1.1:
    hash: ia3hpstnk5btbixzspvpryaqje
    path: patches/pdf-parse@1.1.1.patch

importers:

  .:
    dependencies:
      '@google/generative-ai':
        specifier: ^0.24.1
        version: 0.24.1
      dotenv:
        specifier: ^16.5.0
        version: 16.5.0
      pdf-parse:
        specifier: ^1.1.1
        version: 1.1.1(patch_hash=ia3hpstnk5btbixzspvpryaqje)
      pdfjs-dist:
        specifier: ^5.3.31
        version: 5.3.31
      typescript:
        specifier: ^5
        version: 5.8.3
    devDependencies:
      '@types/bun':
        specifier: latest
        version: 1.2.16
      '@types/pdf-parse':
        specifier: ^1.1.5
        version: 1.1.5
      '@types/pdfjs-dist':
        specifier: ^2.10.378
        version: 2.10.378

packages:

  '@google/generative-ai@0.24.1':
    resolution: {integrity: sha512-MqO+MLfM6kjxcKoy0p1wRzG3b4ZZXtPI+z2IE26UogS2Cm/XHO+7gGRBh6gcJsOiIVoH93UwKvW4HdgiOZCy9Q==}
    engines: {node: '>=18.0.0'}

  '@napi-rs/canvas-android-arm64@0.1.71':
    resolution: {integrity: sha512-cxi3VCotIOS9kNFQI7dcysbVJi106pxryVY1Hi85pX+ZeqahRyeqc/NsLaZ998Ae99+F3HI5X/39G1Y/Byrf0A==}
    engines: {node: '>= 10'}
    cpu: [arm64]
    os: [android]

  '@napi-rs/canvas-darwin-arm64@0.1.71':
    resolution: {integrity: sha512-7Y4D/6vIuMLYsVNtRM/w2j0+fB1GyqeOxc7I0BTx8eLP1S6BZE2Rj6zJfdG+zmLEOW0IlHa+VQq1q2MUAjW84w==}
    engines: {node: '>= 10'}
    cpu: [arm64]
    os: [darwin]

  '@napi-rs/canvas-darwin-x64@0.1.71':
    resolution: {integrity: sha512-Z0IUqxclrYdfVt/SK9nKCzUHTOXKTWiygtO71YCzs0OtxKdNI7GJRJdYG48wXZEDQ/pqTF4F7Ifgtidfc2tYpg==}
    engines: {node: '>= 10'}
    cpu: [x64]
    os: [darwin]

  '@napi-rs/canvas-linux-arm-gnueabihf@0.1.71':
    resolution: {integrity: sha512-KlpqqCASak5ruY+UIolJgmhMZ9Pa2o1QyaNu648L8sz4WNBbNa+aOT60XCLCL1VIKLv11B3MlNgiOHoYNmDhXQ==}
    engines: {node: '>= 10'}
    cpu: [arm]
    os: [linux]

  '@napi-rs/canvas-linux-arm64-gnu@0.1.71':
    resolution: {integrity: sha512-bdGZCGu8YQNAiu3nkIVVUp6nIn6fPd36IuZsLXTG027E52KyIuZ3obCxehSwjDIUNkFWvmff5D6JYfWwAoioEw==}
    engines: {node: '>= 10'}
    cpu: [arm64]
    os: [linux]

  '@napi-rs/canvas-linux-arm64-musl@0.1.71':
    resolution: {integrity: sha512-1R5sMWe9ur8uM+hAeylBwG0b6UHDR+iWQNgzXmF9vbBYRooQvmDWqpcgytKLJAC0vnWhIkKwqd7yExn7cwczmg==}
    engines: {node: '>= 10'}
    cpu: [arm64]
    os: [linux]

  '@napi-rs/canvas-linux-riscv64-gnu@0.1.71':
    resolution: {integrity: sha512-xjjKsipueuG+LdKIk6/uAlqdo+rzGcmNpTZPXdakIT1sHX4NNSnQTzjRaj9Gh96Czjd9G89UWR0KIlE7fwOgFA==}
    engines: {node: '>= 10'}
    cpu: [riscv64]
    os: [linux]

  '@napi-rs/canvas-linux-x64-gnu@0.1.71':
    resolution: {integrity: sha512-3s6YpklXDB4OeeULG1XTRyKrKAOo7c3HHEqM9A6N4STSjMaJtzmpp7tB/JTvAFeOeFte6gWN8IwC+7AjGJ6MpQ==}
    engines: {node: '>= 10'}
    cpu: [x64]
    os: [linux]

  '@napi-rs/canvas-linux-x64-musl@0.1.71':
    resolution: {integrity: sha512-5v9aCLzCXw7u10ray5juQMdl7TykZSn1X5AIGYwBvTAcKSgrqaR9QkRxp1Lqk3njQmFekOW1SFN9bZ/i/6y6kA==}
    engines: {node: '>= 10'}
    cpu: [x64]
    os: [linux]

  '@napi-rs/canvas-win32-x64-msvc@0.1.71':
    resolution: {integrity: sha512-oJughk6xjsRIr0Rd9EqjmZmhIMkvcPuXgr3MNn2QexTqn+YFOizrwHS5ha0BDfFl7TEGRvwaDUXBQtu8JKXb8A==}
    engines: {node: '>= 10'}
    cpu: [x64]
    os: [win32]

  '@napi-rs/canvas@0.1.71':
    resolution: {integrity: sha512-92ybDocKl6JM48ZpYbj+A7Qt45IaTABDk0y3sDecEQfgdhfNzJtEityqNHoCZ4Vty2dldPkJhxgvOnbrQMXTTA==}
    engines: {node: '>= 10'}

  '@types/bun@1.2.16':
    resolution: {integrity: sha512-1aCZJ/6nSiViw339RsaNhkNoEloLaPzZhxMOYEa7OzRzO41IGg5n/7I43/ZIAW/c+Q6cT12Vf7fOZOoVIzb5BQ==}

  '@types/node@24.0.1':
    resolution: {integrity: sha512-MX4Zioh39chHlDJbKmEgydJDS3tspMP/lnQC67G3SWsTnb9NeYVWOjkxpOSy4oMfPs4StcWHwBrvUb4ybfnuaw==}

  '@types/pdf-parse@1.1.5':
    resolution: {integrity: sha512-kBfrSXsloMnUJOKi25s3+hRmkycHfLK6A09eRGqF/N8BkQoPUmaCr+q8Cli5FnfohEz/rsv82zAiPz/LXtOGhA==}

  '@types/pdfjs-dist@2.10.378':
    resolution: {integrity: sha512-TRdIPqdsvKmPla44kVy4jv5Nt5vjMfVjbIEke1CRULIrwKNRC4lIiZvNYDJvbUMNCFPNIUcOKhXTyMJrX18IMA==}
    deprecated: This is a stub types definition. pdfjs-dist provides its own type definitions, so you do not need this installed.

  bun-types@1.2.16:
    resolution: {integrity: sha512-ciXLrHV4PXax9vHvUrkvun9VPVGOVwbbbBF/Ev1cXz12lyEZMoJpIJABOfPcN9gDJRaiKF9MVbSygLg4NXu3/A==}

  debug@3.2.7:
    resolution: {integrity: sha512-CFjzYYAi4ThfiQvizrFQevTTXHtnCqWfe7x1AhgEscTz6ZbLbfoLRLPugTQyBth6f8ZERVUSyWHFD/7Wu4t1XQ==}
    peerDependencies:
      supports-color: '*'
    peerDependenciesMeta:
      supports-color:
        optional: true

  dotenv@16.5.0:
    resolution: {integrity: sha512-m/C+AwOAr9/W1UOIZUo232ejMNnJAJtYQjUbHoNTBNTJSvqzzDh7vnrei3o3r3m9blf6ZoDkvcw0VmozNRFJxg==}
    engines: {node: '>=12'}

  ms@2.1.3:
    resolution: {integrity: sha512-6FlzubTLZG3J2a/NVCAleEhjzq5oxgHyaCU9yYXvcLsvoVaHJq/s5xXI6/XXP6tz7R9xAOtHnSO/tXtF3WRTlA==}

  node-ensure@0.0.0:
    resolution: {integrity: sha512-DRI60hzo2oKN1ma0ckc6nQWlHU69RH6xN0sjQTjMpChPfTYvKZdcQFfdYK2RWbJcKyUizSIy/l8OTGxMAM1QDw==}

  pdf-parse@1.1.1:
    resolution: {integrity: sha512-v6ZJ/efsBpGrGGknjtq9J/oC8tZWq0KWL5vQrk2GlzLEQPUDB1ex+13Rmidl1neNN358Jn9EHZw5y07FFtaC7A==}
    engines: {node: '>=6.8.1'}

  pdfjs-dist@5.3.31:
    resolution: {integrity: sha512-EhPdIjNX0fcdwYQO+e3BAAJPXt+XI29TZWC7COhIXs/K0JHcUt1Gdz1ITpebTwVMFiLsukdUZ3u0oTO7jij+VA==}
    engines: {node: '>=20.16.0 || >=22.3.0'}

  typescript@5.8.3:
    resolution: {integrity: sha512-p1diW6TqL9L07nNxvRMM7hMMw4c5XOo/1ibL4aAIGmSAt9slTE1Xgw5KWuof2uTOvCg9BY7ZRi+GaF+7sfgPeQ==}
    engines: {node: '>=14.17'}
    hasBin: true

  undici-types@7.8.0:
    resolution: {integrity: sha512-9UJ2xGDvQ43tYyVMpuHlsgApydB8ZKfVYTsLDhXkFL/6gfkp+U8xTGdh8pMJv1SpZna0zxG1DwsKZsreLbXBxw==}

snapshots:

  '@google/generative-ai@0.24.1': {}

  '@napi-rs/canvas-android-arm64@0.1.71':
    optional: true

  '@napi-rs/canvas-darwin-arm64@0.1.71':
    optional: true

  '@napi-rs/canvas-darwin-x64@0.1.71':
    optional: true

  '@napi-rs/canvas-linux-arm-gnueabihf@0.1.71':
    optional: true

  '@napi-rs/canvas-linux-arm64-gnu@0.1.71':
    optional: true

  '@napi-rs/canvas-linux-arm64-musl@0.1.71':
    optional: true

  '@napi-rs/canvas-linux-riscv64-gnu@0.1.71':
    optional: true

  '@napi-rs/canvas-linux-x64-gnu@0.1.71':
    optional: true

  '@napi-rs/canvas-linux-x64-musl@0.1.71':
    optional: true

  '@napi-rs/canvas-win32-x64-msvc@0.1.71':
    optional: true

  '@napi-rs/canvas@0.1.71':
    optionalDependencies:
      '@napi-rs/canvas-android-arm64': 0.1.71
      '@napi-rs/canvas-darwin-arm64': 0.1.71
      '@napi-rs/canvas-darwin-x64': 0.1.71
      '@napi-rs/canvas-linux-arm-gnueabihf': 0.1.71
      '@napi-rs/canvas-linux-arm64-gnu': 0.1.71
      '@napi-rs/canvas-linux-arm64-musl': 0.1.71
      '@napi-rs/canvas-linux-riscv64-gnu': 0.1.71
      '@napi-rs/canvas-linux-x64-gnu': 0.1.71
      '@napi-rs/canvas-linux-x64-musl': 0.1.71
      '@napi-rs/canvas-win32-x64-msvc': 0.1.71
    optional: true

  '@types/bun@1.2.16':
    dependencies:
      bun-types: 1.2.16

  '@types/node@24.0.1':
    dependencies:
      undici-types: 7.8.0

  '@types/pdf-parse@1.1.5':
    dependencies:
      '@types/node': 24.0.1

  '@types/pdfjs-dist@2.10.378':
    dependencies:
      pdfjs-dist: 5.3.31

  bun-types@1.2.16:
    dependencies:
      '@types/node': 24.0.1

  debug@3.2.7:
    dependencies:
      ms: 2.1.3

  dotenv@16.5.0: {}

  ms@2.1.3: {}

  node-ensure@0.0.0: {}

  pdf-parse@1.1.1(patch_hash=ia3hpstnk5btbixzspvpryaqje):
    dependencies:
      debug: 3.2.7
      node-ensure: 0.0.0
    transitivePeerDependencies:
      - supports-color

  pdfjs-dist@5.3.31:
    optionalDependencies:
      '@napi-rs/canvas': 0.1.71

  typescript@5.8.3: {}

  undici-types@7.8.0: {}
